
Microsoft Visual Studio Solution File, Format Version 12.00
# Visual Studio Version 16
VisualStudioVersion = 16.0.31321.278
MinimumVisualStudioVersion = 10.0.40219.1
Project("{9A19103F-16F7-4668-BE54-9A1E7A4F7556}") = "rabbitmq", "rabbitmq\rabbitmq.csproj", "{B6843F5D-29C0-4383-BAF7-92E21E98A551}"
EndProject
Project("{9A19103F-16F7-4668-BE54-9A1E7A4F7556}") = "rabbitmq_message", "rabbitmq_message\rabbitmq_message.csproj", "{6A3BE55F-F50D-4E9B-AEEC-8A06071D1E5F}"
EndProject
Project("{FAE04EC0-301F-11D3-BF4B-00C04F79EFBC}") = "order-ms", "order-ms\order-ms.csproj", "{8DB95423-9CD4-4411-8272-77A18DD29DB4}"
EndProject
Project("{FAE04EC0-301F-11D3-BF4B-00C04F79EFBC}") = "stock-ms", "stock-ms\stock-ms.csproj", "{D5A2A94A-2424-4C6C-BC9B-07CD5EFDDA09}"
EndProject
Global
	GlobalSection(SolutionConfigurationPlatforms) = preSolution
		Debug|Any CPU = Debug|Any CPU
		Release|Any CPU = Release|Any CPU
	EndGlobalSection
	GlobalSection(ProjectConfigurationPlatforms) = postSolution
		{B6843F5D-29C0-4383-BAF7-92E21E98A551}.Debug|Any CPU.ActiveCfg = Debug|Any CPU
		{B6843F5D-29C0-4383-BAF7-92E21E98A551}.Debug|Any CPU.Build.0 = Debug|Any CPU
		{B6843F5D-29C0-4383-BAF7-92E21E98A551}.Release|Any CPU.ActiveCfg = Release|Any CPU
		{B6843F5D-29C0-4383-BAF7-92E21E98A551}.Release|Any CPU.Build.0 = Release|Any CPU
		{6A3BE55F-F50D-4E9B-AEEC-8A06071D1E5F}.Debug|Any CPU.ActiveCfg = Debug|Any CPU
		{6A3BE55F-F50D-4E9B-AEEC-8A06071D1E5F}.Debug|Any CPU.Build.0 = Debug|Any CPU
		{6A3BE55F-F50D-4E9B-AEEC-8A06071D1E5F}.Release|Any CPU.ActiveCfg = Release|Any CPU
		{6A3BE55F-F50D-4E9B-AEEC-8A06071D1E5F}.Release|Any CPU.Build.0 = Release|Any CPU
		{8DB95423-9CD4-4411-8272-77A18DD29DB4}.Debug|Any CPU.ActiveCfg = Debug|Any CPU
		{8DB95423-9CD4-4411-8272-77A18DD29DB4}.Debug|Any CPU.Build.0 = Debug|Any CPU
		{8DB95423-9CD4-4411-8272-77A18DD29DB4}.Release|Any CPU.ActiveCfg = Release|Any CPU
		{8DB95423-9CD4-4411-8272-77A18DD29DB4}.Release|Any CPU.Build.0 = Release|Any CPU
		{D5A2A94A-2424-4C6C-BC9B-07CD5EFDDA09}.Debug|Any CPU.ActiveCfg = Debug|Any CPU
		{D5A2A94A-2424-4C6C-BC9B-07CD5EFDDA09}.Debug|Any CPU.Build.0 = Debug|Any CPU
		{D5A2A94A-2424-4C6C-BC9B-07CD5EFDDA09}.Release|Any CPU.ActiveCfg = Release|Any CPU
		{D5A2A94A-2424-4C6C-BC9B-07CD5EFDDA09}.Release|Any CPU.Build.0 = Release|Any CPU
	EndGlobalSection
	GlobalSection(SolutionProperties) = preSolution
		HideSolutionNode = FALSE
	EndGlobalSection
	GlobalSection(ExtensibilityGlobals) = postSolution
		SolutionGuid = {7A42675B-F9FB-4A63-AEC1-2D12B26D81CB}
	EndGlobalSection
EndGlobal
